
Microsoft Visual Studio Solution File, Format Version 12.00
# Visual Studio Version 17
VisualStudioVersion = 17.8.34511.84
MinimumVisualStudioVersion = 10.0.40219.1
Project("{8BC9CEB8-8B4A-11D0-8D11-00A0C91BC942}") = "IDchecker", "IDchecker\IDchecker.vcxproj", "{4CCB9CE8-03E3-4213-ABF6-D1CCD142CBDD}"
EndProject
Global
	GlobalSection(SolutionConfigurationPlatforms) = preSolution
		Debug|x64 = Debug|x64
		Debug|x86 = Debug|x86
		Release|x64 = Release|x64
		Release|x86 = Release|x86
	EndGlobalSection
	GlobalSection(ProjectConfigurationPlatforms) = postSolution
		{4CCB9CE8-03E3-4213-ABF6-D1CCD142CBDD}.Debug|x64.ActiveCfg = Debug|x64
		{4CCB9CE8-03E3-4213-ABF6-D1CCD142CBDD}.Debug|x64.Build.0 = Debug|x64
		{4CCB9CE8-03E3-4213-ABF6-D1CCD142CBDD}.Debug|x86.ActiveCfg = Debug|Win32
		{4CCB9CE8-03E3-4213-ABF6-D1CCD142CBDD}.Debug|x86.Build.0 = Debug|Win32
		{4CCB9CE8-03E3-4213-ABF6-D1CCD142CBDD}.Release|x64.ActiveCfg = Release|x64
		{4CCB9CE8-03E3-4213-ABF6-D1CCD142CBDD}.Release|x64.Build.0 = Release|x64
		{4CCB9CE8-03E3-4213-ABF6-D1CCD142CBDD}.Release|x86.ActiveCfg = Release|Win32
		{4CCB9CE8-03E3-4213-ABF6-D1CCD142CBDD}.Release|x86.Build.0 = Release|Win32
	EndGlobalSection
	GlobalSection(SolutionProperties) = preSolution
		HideSolutionNode = FALSE
	EndGlobalSection
	GlobalSection(ExtensibilityGlobals) = postSolution
		SolutionGuid = {A806F071-EEEE-4163-9F49-00B4E71E7540}
	EndGlobalSection
EndGlobal
